Microsoft Visual Studio Solution File, Format Version 12.00
# Visual Studio 15
VisualStudioVersion = 15.0.26124.0
MinimumVisualStudioVersion = 15.0.26124.0
Project("{9A19103F-16F7-4668-BE54-9A1E7A4F7556}") = "MiniPlInterpreter", "MiniPlInterpreter\MiniPlInterpreter.csproj", "{39AF96A2-C081-425D-89AC-4098B054AC2B}"
EndProject
Project("{9A19103F-16F7-4668-BE54-9A1E7A4F7556}") = "MiniPlInterpreter.Tests", "MiniPlInterpreter.Tests\MiniPlInterpreter.Tests.csproj", "{D6A2608F-AE79-4380-80D7-9A54665C6B9A}"
EndProject
Global
	GlobalSection(SolutionConfigurationPlatforms) = preSolution
		Debug|Any CPU = Debug|Any CPU
		Debug|x64 = Debug|x64
		Debug|x86 = Debug|x86
		Release|Any CPU = Release|Any CPU
		Release|x64 = Release|x64
		Release|x86 = Release|x86
	EndGlobalSection
	GlobalSection(ProjectConfigurationPlatforms) = postSolution
		{39AF96A2-C081-425D-89AC-4098B054AC2B}.Debug|Any CPU.ActiveCfg = Debug|Any CPU
		{39AF96A2-C081-425D-89AC-4098B054AC2B}.Debug|Any CPU.Build.0 = Debug|Any CPU
		{39AF96A2-C081-425D-89AC-4098B054AC2B}.Debug|x64.ActiveCfg = Debug|Any CPU
		{39AF96A2-C081-425D-89AC-4098B054AC2B}.Debug|x64.Build.0 = Debug|Any CPU
		{39AF96A2-C081-425D-89AC-4098B054AC2B}.Debug|x86.ActiveCfg = Debug|Any CPU
		{39AF96A2-C081-425D-89AC-4098B054AC2B}.Debug|x86.Build.0 = Debug|Any CPU
		{39AF96A2-C081-425D-89AC-4098B054AC2B}.Release|Any CPU.ActiveCfg = Release|Any CPU
		{39AF96A2-C081-425D-89AC-4098B054AC2B}.Release|Any CPU.Build.0 = Release|Any CPU
		{39AF96A2-C081-425D-89AC-4098B054AC2B}.Release|x64.ActiveCfg = Release|Any CPU
		{39AF96A2-C081-425D-89AC-4098B054AC2B}.Release|x64.Build.0 = Release|Any CPU
		{39AF96A2-C081-425D-89AC-4098B054AC2B}.Release|x86.ActiveCfg = Release|Any CPU
		{39AF96A2-C081-425D-89AC-4098B054AC2B}.Release|x86.Build.0 = Release|Any CPU
		{D6A2608F-AE79-4380-80D7-9A54665C6B9A}.Debug|Any CPU.ActiveCfg = Debug|Any CPU
		{D6A2608F-AE79-4380-80D7-9A54665C6B9A}.Debug|Any CPU.Build.0 = Debug|Any CPU
		{D6A2608F-AE79-4380-80D7-9A54665C6B9A}.Debug|x64.ActiveCfg = Debug|Any CPU
		{D6A2608F-AE79-4380-80D7-9A54665C6B9A}.Debug|x64.Build.0 = Debug|Any CPU
		{D6A2608F-AE79-4380-80D7-9A54665C6B9A}.Debug|x86.ActiveCfg = Debug|Any CPU
		{D6A2608F-AE79-4380-80D7-9A54665C6B9A}.Debug|x86.Build.0 = Debug|Any CPU
		{D6A2608F-AE79-4380-80D7-9A54665C6B9A}.Release|Any CPU.ActiveCfg = Release|Any CPU
		{D6A2608F-AE79-4380-80D7-9A54665C6B9A}.Release|Any CPU.Build.0 = Release|Any CPU
		{D6A2608F-AE79-4380-80D7-9A54665C6B9A}.Release|x64.ActiveCfg = Release|Any CPU
		{D6A2608F-AE79-4380-80D7-9A54665C6B9A}.Release|x64.Build.0 = Release|Any CPU
		{D6A2608F-AE79-4380-80D7-9A54665C6B9A}.Release|x86.ActiveCfg = Release|Any CPU
		{D6A2608F-AE79-4380-80D7-9A54665C6B9A}.Release|x86.Build.0 = Release|Any CPU
	EndGlobalSection
	GlobalSection(SolutionProperties) = preSolution
		HideSolutionNode = FALSE
	EndGlobalSection
	GlobalSection(ExtensibilityGlobals) = postSolution
		SolutionGuid = {C6917342-DDE2-4D23-B864-F63E78DBB8B0}
	EndGlobalSection
EndGlobal
